
Microsoft Visual Studio Solution File, Format Version 12.00
# Visual Studio Version 16
VisualStudioVersion = 16.0.29418.71
MinimumVisualStudioVersion = 10.0.40219.1
Project("{FAE04EC0-301F-11D3-BF4B-00C04F79EFBC}") = "TinderManagerBot", "TinderManagerBot\TinderManagerBot.csproj", "{F997CCD2-E079-4F04-A8FC-F2092AEECF03}"
EndProject
Global
	GlobalSection(SolutionConfigurationPlatforms) = preSolution
		Debug|Any CPU = Debug|Any CPU
		Release|Any CPU = Release|Any CPU
	EndGlobalSection
	GlobalSection(ProjectConfigurationPlatforms) = postSolution
		{F997CCD2-E079-4F04-A8FC-F2092AEECF03}.Debug|Any CPU.ActiveCfg = Debug|Any CPU
		{F997CCD2-E079-4F04-A8FC-F2092AEECF03}.Debug|Any CPU.Build.0 = Debug|Any CPU
		{F997CCD2-E079-4F04-A8FC-F2092AEECF03}.Release|Any CPU.ActiveCfg = Release|Any CPU
		{F997CCD2-E079-4F04-A8FC-F2092AEECF03}.Release|Any CPU.Build.0 = Release|Any CPU
	EndGlobalSection
	GlobalSection(SolutionProperties) = preSolution
		HideSolutionNode = FALSE
	EndGlobalSection
	GlobalSection(ExtensibilityGlobals) = postSolution
		SolutionGuid = {F61A6E8D-6C8C-4C53-A392-DB7E783B8C98}
	EndGlobalSection
EndGlobal
